
Microsoft Visual Studio Solution File, Format Version 12.00
# Visual Studio Version 17
VisualStudioVersion = 17.7.34024.191
MinimumVisualStudioVersion = 10.0.40219.1
Project("{2150E333-8FDC-42A3-9474-1A3956D46DE8}") = "src", "src", "{9832BFF3-54C1-4382-8F73-433A59462E35}"
EndProject
Project("{9A19103F-16F7-4668-BE54-9A1E7A4F7556}") = "InMemoryCacheExample", "src\InMemoryCacheExample\InMemoryCacheExample.csproj", "{79B9210F-4F19-4B7C-A131-3AF00F3080EC}"
EndProject
Project("{9A19103F-16F7-4668-BE54-9A1E7A4F7556}") = "DataAccess", "src\DataAccess\DataAccess.csproj", "{B7BE002B-8143-4751-B82B-3D6EA14D41D1}"
EndProject
Project("{9A19103F-16F7-4668-BE54-9A1E7A4F7556}") = "DistributedCache", "src\DistributedCache\DistributedCache.csproj", "{73CF3BD2-FAAF-4077-AE14-250FDC192FBE}"
EndProject
Project("{9A19103F-16F7-4668-BE54-9A1E7A4F7556}") = "ResponseCache", "src\ResponseCache\ResponseCache.csproj", "{D60892EB-644C-4919-89B8-A81F34883443}"
EndProject
Global
	GlobalSection(SolutionConfigurationPlatforms) = preSolution
		Debug|Any CPU = Debug|Any CPU
		Release|Any CPU = Release|Any CPU
	EndGlobalSection
	GlobalSection(ProjectConfigurationPlatforms) = postSolution
		{79B9210F-4F19-4B7C-A131-3AF00F3080EC}.Debug|Any CPU.ActiveCfg = Debug|Any CPU
		{79B9210F-4F19-4B7C-A131-3AF00F3080EC}.Debug|Any CPU.Build.0 = Debug|Any CPU
		{79B9210F-4F19-4B7C-A131-3AF00F3080EC}.Release|Any CPU.ActiveCfg = Release|Any CPU
		{79B9210F-4F19-4B7C-A131-3AF00F3080EC}.Release|Any CPU.Build.0 = Release|Any CPU
		{B7BE002B-8143-4751-B82B-3D6EA14D41D1}.Debug|Any CPU.ActiveCfg = Debug|Any CPU
		{B7BE002B-8143-4751-B82B-3D6EA14D41D1}.Debug|Any CPU.Build.0 = Debug|Any CPU
		{B7BE002B-8143-4751-B82B-3D6EA14D41D1}.Release|Any CPU.ActiveCfg = Release|Any CPU
		{B7BE002B-8143-4751-B82B-3D6EA14D41D1}.Release|Any CPU.Build.0 = Release|Any CPU
		{73CF3BD2-FAAF-4077-AE14-250FDC192FBE}.Debug|Any CPU.ActiveCfg = Debug|Any CPU
		{73CF3BD2-FAAF-4077-AE14-250FDC192FBE}.Debug|Any CPU.Build.0 = Debug|Any CPU
		{73CF3BD2-FAAF-4077-AE14-250FDC192FBE}.Release|Any CPU.ActiveCfg = Release|Any CPU
		{73CF3BD2-FAAF-4077-AE14-250FDC192FBE}.Release|Any CPU.Build.0 = Release|Any CPU
		{D60892EB-644C-4919-89B8-A81F34883443}.Debug|Any CPU.ActiveCfg = Debug|Any CPU
		{D60892EB-644C-4919-89B8-A81F34883443}.Debug|Any CPU.Build.0 = Debug|Any CPU
		{D60892EB-644C-4919-89B8-A81F34883443}.Release|Any CPU.ActiveCfg = Release|Any CPU
		{D60892EB-644C-4919-89B8-A81F34883443}.Release|Any CPU.Build.0 = Release|Any CPU
	EndGlobalSection
	GlobalSection(SolutionProperties) = preSolution
		HideSolutionNode = FALSE
	EndGlobalSection
	GlobalSection(NestedProjects) = preSolution
		{79B9210F-4F19-4B7C-A131-3AF00F3080EC} = {9832BFF3-54C1-4382-8F73-433A59462E35}
		{B7BE002B-8143-4751-B82B-3D6EA14D41D1} = {9832BFF3-54C1-4382-8F73-433A59462E35}
		{73CF3BD2-FAAF-4077-AE14-250FDC192FBE} = {9832BFF3-54C1-4382-8F73-433A59462E35}
		{D60892EB-644C-4919-89B8-A81F34883443} = {9832BFF3-54C1-4382-8F73-433A59462E35}
	EndGlobalSection
	GlobalSection(ExtensibilityGlobals) = postSolution
		SolutionGuid = {AE46FE81-8B97-4204-9ABE-9DC58EE0E949}
	EndGlobalSection
EndGlobal
